
Microsoft Visual Studio Solution File, Format Version 12.00
# Visual Studio Version 17
VisualStudioVersion = 17.5.33103.201
MinimumVisualStudioVersion = 10.0.40219.1
Project("{F2A71F9B-5D33-465A-A702-920D77279786}") = "Day10_2", "Day10_2\Day10_2.fsproj", "{29CE2FDC-7DA1-4D3C-B902-FA3FF56AD7E8}"
EndProject
Global
	GlobalSection(SolutionConfigurationPlatforms) = preSolution
		Debug|Any CPU = Debug|Any CPU
		Release|Any CPU = Release|Any CPU
	EndGlobalSection
	GlobalSection(ProjectConfigurationPlatforms) = postSolution
		{29CE2FDC-7DA1-4D3C-B902-FA3FF56AD7E8}.Debug|Any CPU.ActiveCfg = Debug|Any CPU
		{29CE2FDC-7DA1-4D3C-B902-FA3FF56AD7E8}.Debug|Any CPU.Build.0 = Debug|Any CPU
		{29CE2FDC-7DA1-4D3C-B902-FA3FF56AD7E8}.Release|Any CPU.ActiveCfg = Release|Any CPU
		{29CE2FDC-7DA1-4D3C-B902-FA3FF56AD7E8}.Release|Any CPU.Build.0 = Release|Any CPU
	EndGlobalSection
	GlobalSection(SolutionProperties) = preSolution
		HideSolutionNode = FALSE
	EndGlobalSection
	GlobalSection(ExtensibilityGlobals) = postSolution
		SolutionGuid = {0F083AA0-F91B-45D4-B8E8-34552794C1E3}
	EndGlobalSection
EndGlobal
