
Microsoft Visual Studio Solution File, Format Version 12.00
# Visual Studio Version 17
VisualStudioVersion = 17.4.33006.217
MinimumVisualStudioVersion = 10.0.40219.1
Project("{FAE04EC0-301F-11D3-BF4B-00C04F79EFBC}") = "Day04_2", "Day04_2\Day04_2.csproj", "{986BAE67-85D3-4DDB-B8BB-91514B4A8128}"
EndProject
Global
	GlobalSection(SolutionConfigurationPlatforms) = preSolution
		Debug|Any CPU = Debug|Any CPU
		Release|Any CPU = Release|Any CPU
	EndGlobalSection
	GlobalSection(ProjectConfigurationPlatforms) = postSolution
		{986BAE67-85D3-4DDB-B8BB-91514B4A8128}.Debug|Any CPU.ActiveCfg = Debug|Any CPU
		{986BAE67-85D3-4DDB-B8BB-91514B4A8128}.Debug|Any CPU.Build.0 = Debug|Any CPU
		{986BAE67-85D3-4DDB-B8BB-91514B4A8128}.Release|Any CPU.ActiveCfg = Release|Any CPU
		{986BAE67-85D3-4DDB-B8BB-91514B4A8128}.Release|Any CPU.Build.0 = Release|Any CPU
	EndGlobalSection
	GlobalSection(SolutionProperties) = preSolution
		HideSolutionNode = FALSE
	EndGlobalSection
	GlobalSection(ExtensibilityGlobals) = postSolution
		SolutionGuid = {4885991A-922D-406E-B972-8D490A8F1434}
	EndGlobalSection
EndGlobal
