
Microsoft Visual Studio Solution File, Format Version 12.00
# Visual Studio Version 17
VisualStudioVersion = 17.5.33103.201
MinimumVisualStudioVersion = 10.0.40219.1
Project("{F2A71F9B-5D33-465A-A702-920D77279786}") = "Day12_1", "Day12_1\Day12_1.fsproj", "{F82E17F4-D1A3-4611-8193-BD1D6BA34A61}"
EndProject
Global
	GlobalSection(SolutionConfigurationPlatforms) = preSolution
		Debug|Any CPU = Debug|Any CPU
		Release|Any CPU = Release|Any CPU
	EndGlobalSection
	GlobalSection(ProjectConfigurationPlatforms) = postSolution
		{F82E17F4-D1A3-4611-8193-BD1D6BA34A61}.Debug|Any CPU.ActiveCfg = Debug|Any CPU
		{F82E17F4-D1A3-4611-8193-BD1D6BA34A61}.Debug|Any CPU.Build.0 = Debug|Any CPU
		{F82E17F4-D1A3-4611-8193-BD1D6BA34A61}.Release|Any CPU.ActiveCfg = Release|Any CPU
		{F82E17F4-D1A3-4611-8193-BD1D6BA34A61}.Release|Any CPU.Build.0 = Release|Any CPU
	EndGlobalSection
	GlobalSection(SolutionProperties) = preSolution
		HideSolutionNode = FALSE
	EndGlobalSection
	GlobalSection(ExtensibilityGlobals) = postSolution
		SolutionGuid = {4334946A-9668-45E2-8EB4-03D1916EBEF2}
	EndGlobalSection
EndGlobal
