
Microsoft Visual Studio Solution File, Format Version 12.00
# Visual Studio Version 17
VisualStudioVersion = 17.5.33209.295
MinimumVisualStudioVersion = 10.0.40219.1
Project("{F2A71F9B-5D33-465A-A702-920D77279786}") = "Day12_2", "Day12_2\Day12_2.fsproj", "{03852C43-0EF3-49D9-B792-F11D2766A823}"
EndProject
Global
	GlobalSection(SolutionConfigurationPlatforms) = preSolution
		Debug|Any CPU = Debug|Any CPU
		Release|Any CPU = Release|Any CPU
	EndGlobalSection
	GlobalSection(ProjectConfigurationPlatforms) = postSolution
		{03852C43-0EF3-49D9-B792-F11D2766A823}.Debug|Any CPU.ActiveCfg = Debug|Any CPU
		{03852C43-0EF3-49D9-B792-F11D2766A823}.Debug|Any CPU.Build.0 = Debug|Any CPU
		{03852C43-0EF3-49D9-B792-F11D2766A823}.Release|Any CPU.ActiveCfg = Release|Any CPU
		{03852C43-0EF3-49D9-B792-F11D2766A823}.Release|Any CPU.Build.0 = Release|Any CPU
	EndGlobalSection
	GlobalSection(SolutionProperties) = preSolution
		HideSolutionNode = FALSE
	EndGlobalSection
	GlobalSection(ExtensibilityGlobals) = postSolution
		SolutionGuid = {DDE233B4-17A5-4B9D-9A9B-25A90EBD8FA7}
	EndGlobalSection
EndGlobal
