
Microsoft Visual Studio Solution File, Format Version 12.00
# Visual Studio Version 17
VisualStudioVersion = 17.4.33006.217
MinimumVisualStudioVersion = 10.0.40219.1
Project("{F2A71F9B-5D33-465A-A702-920D77279786}") = "Day05_2", "Day05_2\Day05_2.fsproj", "{0BA594EA-C20C-43FA-87B7-052C68633249}"
EndProject
Global
	GlobalSection(SolutionConfigurationPlatforms) = preSolution
		Debug|Any CPU = Debug|Any CPU
		Release|Any CPU = Release|Any CPU
	EndGlobalSection
	GlobalSection(ProjectConfigurationPlatforms) = postSolution
		{0BA594EA-C20C-43FA-87B7-052C68633249}.Debug|Any CPU.ActiveCfg = Debug|Any CPU
		{0BA594EA-C20C-43FA-87B7-052C68633249}.Debug|Any CPU.Build.0 = Debug|Any CPU
		{0BA594EA-C20C-43FA-87B7-052C68633249}.Release|Any CPU.ActiveCfg = Release|Any CPU
		{0BA594EA-C20C-43FA-87B7-052C68633249}.Release|Any CPU.Build.0 = Release|Any CPU
	EndGlobalSection
	GlobalSection(SolutionProperties) = preSolution
		HideSolutionNode = FALSE
	EndGlobalSection
	GlobalSection(ExtensibilityGlobals) = postSolution
		SolutionGuid = {CCD853C1-706C-48E0-8D00-F8FDA820AD93}
	EndGlobalSection
EndGlobal
