
Microsoft Visual Studio Solution File, Format Version 12.00
# Visual Studio Version 17
VisualStudioVersion = 17.4.33006.217
MinimumVisualStudioVersion = 10.0.40219.1
Project("{FAE04EC0-301F-11D3-BF4B-00C04F79EFBC}") = "Day03_1", "Day03_1\Day03_1.csproj", "{A9D3E1F5-29F0-4A35-97D1-23FCA8969747}"
EndProject
Global
	GlobalSection(SolutionConfigurationPlatforms) = preSolution
		Debug|Any CPU = Debug|Any CPU
		Release|Any CPU = Release|Any CPU
	EndGlobalSection
	GlobalSection(ProjectConfigurationPlatforms) = postSolution
		{A9D3E1F5-29F0-4A35-97D1-23FCA8969747}.Debug|Any CPU.ActiveCfg = Debug|Any CPU
		{A9D3E1F5-29F0-4A35-97D1-23FCA8969747}.Debug|Any CPU.Build.0 = Debug|Any CPU
		{A9D3E1F5-29F0-4A35-97D1-23FCA8969747}.Release|Any CPU.ActiveCfg = Release|Any CPU
		{A9D3E1F5-29F0-4A35-97D1-23FCA8969747}.Release|Any CPU.Build.0 = Release|Any CPU
	EndGlobalSection
	GlobalSection(SolutionProperties) = preSolution
		HideSolutionNode = FALSE
	EndGlobalSection
	GlobalSection(ExtensibilityGlobals) = postSolution
		SolutionGuid = {4A527D79-B08C-4E7C-9662-8DD02D2215C8}
	EndGlobalSection
EndGlobal
