
Microsoft Visual Studio Solution File, Format Version 12.00
# Visual Studio Version 17
VisualStudioVersion = 17.5.33103.201
MinimumVisualStudioVersion = 10.0.40219.1
Project("{F2A71F9B-5D33-465A-A702-920D77279786}") = "Day11_1", "Day11_1\Day11_1.fsproj", "{B7270B97-5726-4BE3-9FCE-135112662636}"
EndProject
Global
	GlobalSection(SolutionConfigurationPlatforms) = preSolution
		Debug|Any CPU = Debug|Any CPU
		Release|Any CPU = Release|Any CPU
	EndGlobalSection
	GlobalSection(ProjectConfigurationPlatforms) = postSolution
		{B7270B97-5726-4BE3-9FCE-135112662636}.Debug|Any CPU.ActiveCfg = Debug|Any CPU
		{B7270B97-5726-4BE3-9FCE-135112662636}.Debug|Any CPU.Build.0 = Debug|Any CPU
		{B7270B97-5726-4BE3-9FCE-135112662636}.Release|Any CPU.ActiveCfg = Release|Any CPU
		{B7270B97-5726-4BE3-9FCE-135112662636}.Release|Any CPU.Build.0 = Release|Any CPU
	EndGlobalSection
	GlobalSection(SolutionProperties) = preSolution
		HideSolutionNode = FALSE
	EndGlobalSection
	GlobalSection(ExtensibilityGlobals) = postSolution
		SolutionGuid = {3089B2F8-273C-4315-8A4B-F1984A1566C9}
	EndGlobalSection
EndGlobal
